
Microsoft Visual Studio Solution File, Format Version 12.00
# Visual Studio Version 17
VisualStudioVersion = 17.0.31903.59
MinimumVisualStudioVersion = 10.0.40219.1
Project("{9A19103F-16F7-4668-BE54-9A1E7A4F7556}") = "Catalog.API", "Services\Catalog\Catalog.API\Catalog.API.csproj", "{32B54A03-631A-4EA1-9A94-8A58B559C59C}"
EndProject
Project("{2150E333-8FDC-42A3-9474-1A3956D46DE8}") = "Services", "Services", "{A952D6CD-B565-40C8-BBE5-472A9ACAB633}"
EndProject
Project("{2150E333-8FDC-42A3-9474-1A3956D46DE8}") = "Catalog", "Catalog", "{81B30CC7-B79B-451F-868F-2E0358E05D9D}"
EndProject
Project("{E53339B2-1760-4266-BCC7-CA923CBCF16C}") = "docker-compose", "docker-compose.dcproj", "{CDF8EA41-70EE-4C5B-9F1F-929ED94EB051}"
EndProject
Project("{2150E333-8FDC-42A3-9474-1A3956D46DE8}") = "Basket", "Basket", "{0DFA219F-B4A6-4E89-9FAA-BE00748936E4}"
EndProject
Project("{2150E333-8FDC-42A3-9474-1A3956D46DE8}") = "Discount", "Discount", "{9A1E0DAE-906C-4EC0-8553-BB1123C32C6A}"
EndProject
Project("{9A19103F-16F7-4668-BE54-9A1E7A4F7556}") = "Discount.API", "Services\Discount\Discount.API\Discount.API.csproj", "{B4D9BC9E-0F74-492F-9568-1220AF781504}"
EndProject
Project("{9A19103F-16F7-4668-BE54-9A1E7A4F7556}") = "Basket.API", "Services\Basket\Basket.API\Basket.API.csproj", "{586E2713-49A6-4C4B-8E48-E09813A9F799}"
EndProject
Project("{FAE04EC0-301F-11D3-BF4B-00C04F79EFBC}") = "Discount.Grpc", "Services\Discount\Discount.Grpc\Discount.Grpc.csproj", "{50C235C6-E46B-4568-918C-31164687A750}"
EndProject
Global
	GlobalSection(SolutionConfigurationPlatforms) = preSolution
		Debug|Any CPU = Debug|Any CPU
		Release|Any CPU = Release|Any CPU
	EndGlobalSection
	GlobalSection(ProjectConfigurationPlatforms) = postSolution
		{32B54A03-631A-4EA1-9A94-8A58B559C59C}.Debug|Any CPU.ActiveCfg = Debug|Any CPU
		{32B54A03-631A-4EA1-9A94-8A58B559C59C}.Debug|Any CPU.Build.0 = Debug|Any CPU
		{32B54A03-631A-4EA1-9A94-8A58B559C59C}.Release|Any CPU.ActiveCfg = Release|Any CPU
		{32B54A03-631A-4EA1-9A94-8A58B559C59C}.Release|Any CPU.Build.0 = Release|Any CPU
		{CDF8EA41-70EE-4C5B-9F1F-929ED94EB051}.Debug|Any CPU.ActiveCfg = Debug|Any CPU
		{CDF8EA41-70EE-4C5B-9F1F-929ED94EB051}.Debug|Any CPU.Build.0 = Debug|Any CPU
		{CDF8EA41-70EE-4C5B-9F1F-929ED94EB051}.Release|Any CPU.ActiveCfg = Release|Any CPU
		{CDF8EA41-70EE-4C5B-9F1F-929ED94EB051}.Release|Any CPU.Build.0 = Release|Any CPU
		{B4D9BC9E-0F74-492F-9568-1220AF781504}.Debug|Any CPU.ActiveCfg = Debug|Any CPU
		{B4D9BC9E-0F74-492F-9568-1220AF781504}.Debug|Any CPU.Build.0 = Debug|Any CPU
		{B4D9BC9E-0F74-492F-9568-1220AF781504}.Release|Any CPU.ActiveCfg = Release|Any CPU
		{B4D9BC9E-0F74-492F-9568-1220AF781504}.Release|Any CPU.Build.0 = Release|Any CPU
		{586E2713-49A6-4C4B-8E48-E09813A9F799}.Debug|Any CPU.ActiveCfg = Debug|Any CPU
		{586E2713-49A6-4C4B-8E48-E09813A9F799}.Debug|Any CPU.Build.0 = Debug|Any CPU
		{586E2713-49A6-4C4B-8E48-E09813A9F799}.Release|Any CPU.ActiveCfg = Release|Any CPU
		{586E2713-49A6-4C4B-8E48-E09813A9F799}.Release|Any CPU.Build.0 = Release|Any CPU
		{50C235C6-E46B-4568-918C-31164687A750}.Debug|Any CPU.ActiveCfg = Debug|Any CPU
		{50C235C6-E46B-4568-918C-31164687A750}.Debug|Any CPU.Build.0 = Debug|Any CPU
		{50C235C6-E46B-4568-918C-31164687A750}.Release|Any CPU.ActiveCfg = Release|Any CPU
		{50C235C6-E46B-4568-918C-31164687A750}.Release|Any CPU.Build.0 = Release|Any CPU
	EndGlobalSection
	GlobalSection(SolutionProperties) = preSolution
		HideSolutionNode = FALSE
	EndGlobalSection
	GlobalSection(NestedProjects) = preSolution
		{32B54A03-631A-4EA1-9A94-8A58B559C59C} = {81B30CC7-B79B-451F-868F-2E0358E05D9D}
		{81B30CC7-B79B-451F-868F-2E0358E05D9D} = {A952D6CD-B565-40C8-BBE5-472A9ACAB633}
		{0DFA219F-B4A6-4E89-9FAA-BE00748936E4} = {A952D6CD-B565-40C8-BBE5-472A9ACAB633}
		{9A1E0DAE-906C-4EC0-8553-BB1123C32C6A} = {A952D6CD-B565-40C8-BBE5-472A9ACAB633}
		{B4D9BC9E-0F74-492F-9568-1220AF781504} = {9A1E0DAE-906C-4EC0-8553-BB1123C32C6A}
		{586E2713-49A6-4C4B-8E48-E09813A9F799} = {0DFA219F-B4A6-4E89-9FAA-BE00748936E4}
		{50C235C6-E46B-4568-918C-31164687A750} = {9A1E0DAE-906C-4EC0-8553-BB1123C32C6A}
	EndGlobalSection
	GlobalSection(ExtensibilityGlobals) = postSolution
		SolutionGuid = {A1EC7EE4-6D06-4D8B-A211-62C3A1B51893}
	EndGlobalSection
EndGlobal
